
Microsoft Visual Studio Solution File, Format Version 10.00
# Visual Studio 2008
Project("{8BC9CEB8-8B4A-11D0-8D11-00A0C91BC942}") = "WinNUTConfigurationTool", "WinNUTConfigurationTool\WinNUTConfigurationTool.vcproj", "{33E5CB1D-49F2-4BEB-8719-AAEA000E55A5}"
EndProject
Project("{8BC9CEB8-8B4A-11D0-8D11-00A0C91BC942}") = "WinNUTUpsMon", "WinNUTUpsMon\WinNUTUpsMon.vcproj", "{609790EF-763E-4986-ABA0-67E80F7FB188}"
EndProject
Global
	GlobalSection(SolutionConfigurationPlatforms) = preSolution
		Debug|Win32 = Debug|Win32
		Release|Win32 = Release|Win32
	EndGlobalSection
	GlobalSection(ProjectConfigurationPlatforms) = postSolution
		{33E5CB1D-49F2-4BEB-8719-AAEA000E55A5}.Debug|Win32.ActiveCfg = Debug|Win32
		{33E5CB1D-49F2-4BEB-8719-AAEA000E55A5}.Debug|Win32.Build.0 = Debug|Win32
		{33E5CB1D-49F2-4BEB-8719-AAEA000E55A5}.Release|Win32.ActiveCfg = Release|Win32
		{33E5CB1D-49F2-4BEB-8719-AAEA000E55A5}.Release|Win32.Build.0 = Release|Win32
		{609790EF-763E-4986-ABA0-67E80F7FB188}.Debug|Win32.ActiveCfg = Debug|Win32
		{609790EF-763E-4986-ABA0-67E80F7FB188}.Debug|Win32.Build.0 = Debug|Win32
		{609790EF-763E-4986-ABA0-67E80F7FB188}.Release|Win32.ActiveCfg = Release|Win32
		{609790EF-763E-4986-ABA0-67E80F7FB188}.Release|Win32.Build.0 = Release|Win32
	EndGlobalSection
	GlobalSection(SolutionProperties) = preSolution
		HideSolutionNode = FALSE
	EndGlobalSection
EndGlobal
