<?xml version="1.0" encoding="utf-8"?>
<Project ToolsVersion="4.0" xmlns="http://schemas.microsoft.com/developer/msbuild/2003">
  <ItemGroup>
    <Filter Include="Source Files">
      <UniqueIdentifier>{2c03ec42-b504-4b99-903d-468488b5c5fe}</UniqueIdentifier>
      <Extensions>cpp;c;cxx;rc;def;r;odl;idl;hpj;bat</Extensions>
    </Filter>
    <Filter Include="Header Files">
      <UniqueIdentifier>{d71110a7-0bda-43f8-b617-d07010216973}</UniqueIdentifier>
      <Extensions>h;hpp;hxx;hm;inl</Extensions>
    </Filter>
    <Filter Include="Resource Files">
      <UniqueIdentifier>{800f3d23-06e9-495a-bb6c-5f8db8d6e4fc}</UniqueIdentifier>
      <Extensions>ico;cur;bmp;dlg;rc2;rct;bin;rgs;gif;jpg;jpeg;jpe</Extensions>
    </Filter>
  </ItemGroup>
  <ItemGroup>
    <ClCompile Include="common.c">
      <Filter>Source Files</Filter>
    </ClCompile>
    <ClCompile Include="parseconf.c">
      <Filter>Source Files</Filter>
    </ClCompile>
    <ClCompile Include="syslog.c">
      <Filter>Source Files</Filter>
    </ClCompile>
    <ClCompile Include="upsclient.c">
      <Filter>Source Files</Filter>
    </ClCompile>
    <ClCompile Include="WinCompatabilityFunctions.c">
      <Filter>Source Files</Filter>
    </ClCompile>
    <ClCompile Include="WinNUTMain.c">
      <Filter>Source Files</Filter>
    </ClCompile>
    <ClCompile Include="..\winupscommon.c">
      <Filter>Source Files</Filter>
    </ClCompile>
    <ClCompile Include="winupsmon.c">
      <Filter>Source Files</Filter>
    </ClCompile>
  </ItemGroup>
  <ItemGroup>
    <ResourceCompile Include="NutIcons2.rc">
      <Filter>Source Files</Filter>
    </ResourceCompile>
  </ItemGroup>
  <ItemGroup>
    <ClInclude Include="common.h">
      <Filter>Header Files</Filter>
    </ClInclude>
    <ClInclude Include="config.h">
      <Filter>Header Files</Filter>
    </ClInclude>
    <ClInclude Include="parseconf.h">
      <Filter>Header Files</Filter>
    </ClInclude>
    <ClInclude Include="resource.h">
      <Filter>Header Files</Filter>
    </ClInclude>
    <ClInclude Include="syslog.h">
      <Filter>Header Files</Filter>
    </ClInclude>
    <ClInclude Include="upsclient.h">
      <Filter>Header Files</Filter>
    </ClInclude>
    <ClInclude Include="upsmon.h">
      <Filter>Header Files</Filter>
    </ClInclude>
    <ClInclude Include="version.h">
      <Filter>Header Files</Filter>
    </ClInclude>
    <ClInclude Include="WinCompatabilityFunctions.h">
      <Filter>Header Files</Filter>
    </ClInclude>
    <ClInclude Include="WinNUTMain.h">
      <Filter>Header Files</Filter>
    </ClInclude>
    <ClInclude Include="WinNUTMessages.h">
      <Filter>Header Files</Filter>
    </ClInclude>
    <ClInclude Include="..\winupscommon.h">
      <Filter>Header Files</Filter>
    </ClInclude>
    <ClInclude Include="winupsmon.h">
      <Filter>Header Files</Filter>
    </ClInclude>
  </ItemGroup>
  <ItemGroup>
    <Image Include="icon1.ico">
      <Filter>Resource Files</Filter>
    </Image>
  </ItemGroup>
</Project>